# This file is automatically @generated by Cargo.
# It is not intended for manual editing.
version = 3

[[package]]
name = "anyhow"
version = "1.0.61"
source = "registry+https://github.com/rust-lang/crates.io-index"
checksum = "508b352bb5c066aac251f6daf6b36eccd03e8a88e8081cd44959ea277a3af9a8"

[[package]]
name = "libaes"
version = "0.6.2"
source = "registry+https://github.com/rust-lang/crates.io-index"
checksum = "db7c463b5db4448022fb5829e269bf3a0dd0da21ac18e8e03bf2c5a6e53cc2b8"

[[package]]
name = "tec"
version = "0.1.0"
dependencies = [
 "anyhow",
 "libaes",
]
